
Microsoft Visual Studio Solution File, Format Version 12.00
# Visual Studio Version 17
VisualStudioVersion = 17.3.32922.545
MinimumVisualStudioVersion = 10.0.40219.1
Project("{FAE04EC0-301F-11D3-BF4B-00C04F79EFBC}") = "pecevov kod", "pecevov kod\pecevov kod.csproj", "{79E292A7-E8CF-4087-ADA4-E21D3E3A5555}"
EndProject
Global
	GlobalSection(SolutionConfigurationPlatforms) = preSolution
		Debug|Any CPU = Debug|Any CPU
		Release|Any CPU = Release|Any CPU
	EndGlobalSection
	GlobalSection(ProjectConfigurationPlatforms) = postSolution
		{79E292A7-E8CF-4087-ADA4-E21D3E3A5555}.Debug|Any CPU.ActiveCfg = Debug|Any CPU
		{79E292A7-E8CF-4087-ADA4-E21D3E3A5555}.Debug|Any CPU.Build.0 = Debug|Any CPU
		{79E292A7-E8CF-4087-ADA4-E21D3E3A5555}.Release|Any CPU.ActiveCfg = Release|Any CPU
		{79E292A7-E8CF-4087-ADA4-E21D3E3A5555}.Release|Any CPU.Build.0 = Release|Any CPU
	EndGlobalSection
	GlobalSection(SolutionProperties) = preSolution
		HideSolutionNode = FALSE
	EndGlobalSection
	GlobalSection(ExtensibilityGlobals) = postSolution
		SolutionGuid = {D643F0D4-DB7E-4BEE-8B8D-CE7268F5A9E3}
	EndGlobalSection
EndGlobal
